
Microsoft Visual Studio Solution File, Format Version 12.00
# Visual Studio 15
VisualStudioVersion = 15.0.27703.2026
MinimumVisualStudioVersion = 10.0.40219.1
Project("{FAE04EC0-301F-11D3-BF4B-00C04F79EFBC}") = "KomodoStaff.WebApi", "KomodoStaff.WebApi\KomodoStaff.WebApi.csproj", "{CDD2A00E-45F1-4EE5-8C42-DBCE4688BC51}"
EndProject
Project("{FAE04EC0-301F-11D3-BF4B-00C04F79EFBC}") = "KomodoStaff.Contracts", "KomodoStaff.Contracts\KomodoStaff.Contracts.csproj", "{4AA06A1A-B84D-4ECE-9221-5D01B33BE4CA}"
EndProject
Project("{FAE04EC0-301F-11D3-BF4B-00C04F79EFBC}") = "KomodoStaff.Models", "KomodoStaff.Models\KomodoStaff.Models.csproj", "{99696A5F-E4C7-4BFD-BD82-442908387649}"
EndProject
Project("{FAE04EC0-301F-11D3-BF4B-00C04F79EFBC}") = "KomodoStaff.Services", "KomodoStaff.Services\KomodoStaff.Services.csproj", "{5E7F89DC-CA88-4FD1-8440-26D1F6FDE7F0}"
EndProject
Project("{FAE04EC0-301F-11D3-BF4B-00C04F79EFBC}") = "KoimodoStaff.Data", "KoimodoStaff.Data\KoimodoStaff.Data.csproj", "{29B43A59-8007-4704-B3C6-392092F804E1}"
EndProject
Global
	GlobalSection(SolutionConfigurationPlatforms) = preSolution
		Debug|Any CPU = Debug|Any CPU
		Release|Any CPU = Release|Any CPU
	EndGlobalSection
	GlobalSection(ProjectConfigurationPlatforms) = postSolution
		{CDD2A00E-45F1-4EE5-8C42-DBCE4688BC51}.Debug|Any CPU.ActiveCfg = Debug|Any CPU
		{CDD2A00E-45F1-4EE5-8C42-DBCE4688BC51}.Debug|Any CPU.Build.0 = Debug|Any CPU
		{CDD2A00E-45F1-4EE5-8C42-DBCE4688BC51}.Release|Any CPU.ActiveCfg = Release|Any CPU
		{CDD2A00E-45F1-4EE5-8C42-DBCE4688BC51}.Release|Any CPU.Build.0 = Release|Any CPU
		{4AA06A1A-B84D-4ECE-9221-5D01B33BE4CA}.Debug|Any CPU.ActiveCfg = Debug|Any CPU
		{4AA06A1A-B84D-4ECE-9221-5D01B33BE4CA}.Debug|Any CPU.Build.0 = Debug|Any CPU
		{4AA06A1A-B84D-4ECE-9221-5D01B33BE4CA}.Release|Any CPU.ActiveCfg = Release|Any CPU
		{4AA06A1A-B84D-4ECE-9221-5D01B33BE4CA}.Release|Any CPU.Build.0 = Release|Any CPU
		{99696A5F-E4C7-4BFD-BD82-442908387649}.Debug|Any CPU.ActiveCfg = Debug|Any CPU
		{99696A5F-E4C7-4BFD-BD82-442908387649}.Debug|Any CPU.Build.0 = Debug|Any CPU
		{99696A5F-E4C7-4BFD-BD82-442908387649}.Release|Any CPU.ActiveCfg = Release|Any CPU
		{99696A5F-E4C7-4BFD-BD82-442908387649}.Release|Any CPU.Build.0 = Release|Any CPU
		{5E7F89DC-CA88-4FD1-8440-26D1F6FDE7F0}.Debug|Any CPU.ActiveCfg = Debug|Any CPU
		{5E7F89DC-CA88-4FD1-8440-26D1F6FDE7F0}.Debug|Any CPU.Build.0 = Debug|Any CPU
		{5E7F89DC-CA88-4FD1-8440-26D1F6FDE7F0}.Release|Any CPU.ActiveCfg = Release|Any CPU
		{5E7F89DC-CA88-4FD1-8440-26D1F6FDE7F0}.Release|Any CPU.Build.0 = Release|Any CPU
		{29B43A59-8007-4704-B3C6-392092F804E1}.Debug|Any CPU.ActiveCfg = Debug|Any CPU
		{29B43A59-8007-4704-B3C6-392092F804E1}.Debug|Any CPU.Build.0 = Debug|Any CPU
		{29B43A59-8007-4704-B3C6-392092F804E1}.Release|Any CPU.ActiveCfg = Release|Any CPU
		{29B43A59-8007-4704-B3C6-392092F804E1}.Release|Any CPU.Build.0 = Release|Any CPU
	EndGlobalSection
	GlobalSection(SolutionProperties) = preSolution
		HideSolutionNode = FALSE
	EndGlobalSection
	GlobalSection(ExtensibilityGlobals) = postSolution
		SolutionGuid = {A133A8F3-BD95-4472-BEDD-B028A1C629C6}
	EndGlobalSection
EndGlobal
